
Microsoft Visual Studio Solution File, Format Version 12.00
# Visual Studio Version 16
VisualStudioVersion = 16.0.30523.141
MinimumVisualStudioVersion = 10.0.40219.1
Project("{FAE04EC0-301F-11D3-BF4B-00C04F79EFBC}") = "discord-emote-parse", "discord-emote-parse\discord-emote-parse.csproj", "{45AC353C-803D-4702-851E-8FDD1D722746}"
EndProject
Global
	GlobalSection(SolutionConfigurationPlatforms) = preSolution
		Debug|Any CPU = Debug|Any CPU
		Release|Any CPU = Release|Any CPU
	EndGlobalSection
	GlobalSection(ProjectConfigurationPlatforms) = postSolution
		{45AC353C-803D-4702-851E-8FDD1D722746}.Debug|Any CPU.ActiveCfg = Debug|Any CPU
		{45AC353C-803D-4702-851E-8FDD1D722746}.Debug|Any CPU.Build.0 = Debug|Any CPU
		{45AC353C-803D-4702-851E-8FDD1D722746}.Release|Any CPU.ActiveCfg = Release|Any CPU
		{45AC353C-803D-4702-851E-8FDD1D722746}.Release|Any CPU.Build.0 = Release|Any CPU
	EndGlobalSection
	GlobalSection(SolutionProperties) = preSolution
		HideSolutionNode = FALSE
	EndGlobalSection
	GlobalSection(ExtensibilityGlobals) = postSolution
		SolutionGuid = {A9681732-3ADD-45A2-91F6-8F9FC32A1C4B}
	EndGlobalSection
EndGlobal
